{
    "_readme": [
        "This file locks the dependencies of your project to a known state",
        "Read more about it at https://getcomposer.org/doc/01-basic-usage.md#installing-dependencies",
        "This file is @generated automatically"
    ],
    "content-hash": "456e5c3185d44c84aa20e5382c5974cc",
    "packages": [
        {
            "name": "1maximuse/hello-composer",
            "version": "dev-master",
            "source": {
                "type": "git",
                "url": "https://github.com/1Maximuse/hello-composer.git",
                "reference": "c5819843e2c0cc3e7733ecbb89ff87d4a1325ed5"
            },
            "dist": {
                "type": "zip",
                "url": "https://api.github.com/repos/1Maximuse/hello-composer/zipball/c5819843e2c0cc3e7733ecbb89ff87d4a1325ed5",
                "reference": "c5819843e2c0cc3e7733ecbb89ff87d4a1325ed5",
                "shasum": ""
            },
            "default-branch": true,
            "type": "library",
            "autoload": {
                "psr-4": {
                    "maximuse\\HelloWorld\\": "src/"
                }
            },
            "notification-url": "https://packagist.org/downloads/",
            "license": [
                "MIT"
            ],
            "authors": [
                {
                    "name": "Emmanuel Maximus",
                    "email": "geofanny.emmanuel@gmail.com"
                }
            ],
            "description": "Simple hello world Composer package.",
            "support": {
                "issues": "https://github.com/1Maximuse/hello-composer/issues",
                "source": "https://github.com/1Maximuse/hello-composer/tree/master"
            },
            "time": "2021-05-20T11:18:34+00:00"
        }
    ],
    "packages-dev": [],
    "aliases": [],
    "minimum-stability": "dev",
    "stability-flags": {
        "1maximuse/hello-composer": 20
    },
    "prefer-stable": false,
    "prefer-lowest": false,
    "platform": [],
    "platform-dev": [],
    "plugin-api-version": "2.0.0"
}
